
Microsoft Visual Studio Solution File, Format Version 12.00
# Visual Studio Version 17
VisualStudioVersion = 17.3.32825.248
MinimumVisualStudioVersion = 10.0.40219.1
Project("{9A19103F-16F7-4668-BE54-9A1E7A4F7556}") = "DP_SUM0023", "DP_SUM0023\DP_SUM0023.csproj", "{886CE8A8-5284-4A01-9903-B0E83FC0B355}"
EndProject
Global
	GlobalSection(SolutionConfigurationPlatforms) = preSolution
		Debug|Any CPU = Debug|Any CPU
		Release|Any CPU = Release|Any CPU
	EndGlobalSection
	GlobalSection(ProjectConfigurationPlatforms) = postSolution
		{886CE8A8-5284-4A01-9903-B0E83FC0B355}.Debug|Any CPU.ActiveCfg = Debug|Any CPU
		{886CE8A8-5284-4A01-9903-B0E83FC0B355}.Debug|Any CPU.Build.0 = Debug|Any CPU
		{886CE8A8-5284-4A01-9903-B0E83FC0B355}.Release|Any CPU.ActiveCfg = Release|Any CPU
		{886CE8A8-5284-4A01-9903-B0E83FC0B355}.Release|Any CPU.Build.0 = Release|Any CPU
	EndGlobalSection
	GlobalSection(SolutionProperties) = preSolution
		HideSolutionNode = FALSE
	EndGlobalSection
	GlobalSection(ExtensibilityGlobals) = postSolution
		SolutionGuid = {B8AB3BB3-51E8-4D2C-A0CD-1C5FFFCAD1DD}
	EndGlobalSection
EndGlobal
